
Microsoft Visual Studio Solution File, Format Version 12.00
# Visual Studio Version 16
VisualStudioVersion = 16.0.30104.148
MinimumVisualStudioVersion = 10.0.40219.1
Project("{FAE04EC0-301F-11D3-BF4B-00C04F79EFBC}") = "ConsoleCallAPI", "ConsoleCallAPI\ConsoleCallAPI.csproj", "{64B3AEFE-0639-4D47-9F2E-43E3332D7438}"
EndProject
Global
	GlobalSection(SolutionConfigurationPlatforms) = preSolution
		Debug|Any CPU = Debug|Any CPU
		Release|Any CPU = Release|Any CPU
	EndGlobalSection
	GlobalSection(ProjectConfigurationPlatforms) = postSolution
		{64B3AEFE-0639-4D47-9F2E-43E3332D7438}.Debug|Any CPU.ActiveCfg = Debug|Any CPU
		{64B3AEFE-0639-4D47-9F2E-43E3332D7438}.Debug|Any CPU.Build.0 = Debug|Any CPU
		{64B3AEFE-0639-4D47-9F2E-43E3332D7438}.Release|Any CPU.ActiveCfg = Release|Any CPU
		{64B3AEFE-0639-4D47-9F2E-43E3332D7438}.Release|Any CPU.Build.0 = Release|Any CPU
	EndGlobalSection
	GlobalSection(SolutionProperties) = preSolution
		HideSolutionNode = FALSE
	EndGlobalSection
	GlobalSection(ExtensibilityGlobals) = postSolution
		SolutionGuid = {BDBAC6AB-214B-4A48-BE9A-A77FBC15D016}
	EndGlobalSection
EndGlobal
